
Microsoft Visual Studio Solution File, Format Version 12.00
# Visual Studio Version 17
VisualStudioVersion = 17.2.32630.192
MinimumVisualStudioVersion = 10.0.40219.1
Project("{FAE04EC0-301F-11D3-BF4B-00C04F79EFBC}") = "Lab2", "Lab2\Lab2.csproj", "{8E71AA26-AE1C-405C-B33D-D6D89056A6E4}"
EndProject
Global
	GlobalSection(SolutionConfigurationPlatforms) = preSolution
		Debug|Any CPU = Debug|Any CPU
		Release|Any CPU = Release|Any CPU
	EndGlobalSection
	GlobalSection(ProjectConfigurationPlatforms) = postSolution
		{8E71AA26-AE1C-405C-B33D-D6D89056A6E4}.Debug|Any CPU.ActiveCfg = Debug|Any CPU
		{8E71AA26-AE1C-405C-B33D-D6D89056A6E4}.Debug|Any CPU.Build.0 = Debug|Any CPU
		{8E71AA26-AE1C-405C-B33D-D6D89056A6E4}.Release|Any CPU.ActiveCfg = Release|Any CPU
		{8E71AA26-AE1C-405C-B33D-D6D89056A6E4}.Release|Any CPU.Build.0 = Release|Any CPU
	EndGlobalSection
	GlobalSection(SolutionProperties) = preSolution
		HideSolutionNode = FALSE
	EndGlobalSection
	GlobalSection(ExtensibilityGlobals) = postSolution
		SolutionGuid = {38266FD5-E6A3-478F-B43E-6DC1B3918F94}
	EndGlobalSection
EndGlobal
